
Microsoft Visual Studio Solution File, Format Version 12.00
# Visual Studio 2013
VisualStudioVersion = 12.0.21005.1
MinimumVisualStudioVersion = 10.0.40219.1
Project("{FAE04EC0-301F-11D3-BF4B-00C04F79EFBC}") = "DBapplication", "DBapplication.csproj", "{DC8232D5-B804-4766-8840-C88C50EAD01E}"
EndProject
Global
	GlobalSection(SolutionConfigurationPlatforms) = preSolution
		Debug|Any CPU = Debug|Any CPU
		Release|Any CPU = Release|Any CPU
	EndGlobalSection
	GlobalSection(ProjectConfigurationPlatforms) = postSolution
		{DC8232D5-B804-4766-8840-C88C50EAD01E}.Debug|Any CPU.ActiveCfg = Debug|x86
		{DC8232D5-B804-4766-8840-C88C50EAD01E}.Release|Any CPU.ActiveCfg = Release|x86
	EndGlobalSection
	GlobalSection(SolutionProperties) = preSolution
		HideSolutionNode = FALSE
	EndGlobalSection
	GlobalSection(ExtensibilityGlobals) = postSolution
		SolutionGuid = {9B60B617-FB18-46CD-BB32-590FB5B9031C}
	EndGlobalSection
EndGlobal
